Microsoft Visual Studio Solution File, Format Version 11.00
# Visual Studio 2008

Project("{255375AF-224B-AC33-F200-EDB671DFF306}") = "penaltyVR", "Assembly-CSharp-Editor.csproj", "{9775870E-AE36-FB9D-61F3-31205284C227}"
EndProject
Global
	GlobalSection(SolutionConfigurationPlatforms) = preSolution
		Debug|Any CPU = Debug|Any CPU
		Release|Any CPU = Release|Any CPU
	EndGlobalSection
	GlobalSection(ProjectConfigurationPlatforms) = postSolution
		{9775870E-AE36-FB9D-61F3-31205284C227}.Debug|Any CPU.ActiveCfg = Debug|Any CPU
		{9775870E-AE36-FB9D-61F3-31205284C227}.Debug|Any CPU.Build.0 = Debug|Any CPU
		{9775870E-AE36-FB9D-61F3-31205284C227}.Release|Any CPU.ActiveCfg = Release|Any CPU
		{9775870E-AE36-FB9D-61F3-31205284C227}.Release|Any CPU.Build.0 = Release|Any CPU
	EndGlobalSection
	GlobalSection(SolutionProperties) = preSolution
		HideSolutionNode = FALSE
	EndGlobalSection
	
EndGlobal
